
Microsoft Visual Studio Solution File, Format Version 12.00
# Visual Studio Version 16
VisualStudioVersion = 16.0.29418.71
MinimumVisualStudioVersion = 10.0.40219.1
Project("{FAE04EC0-301F-11D3-BF4B-00C04F79EFBC}") = "Book Raven", "Book Raven.csproj", "{F4BA5610-63A5-423D-8A69-B754C98B554F}"
EndProject
Global
	GlobalSection(SolutionConfigurationPlatforms) = preSolution
		Debug|Any CPU = Debug|Any CPU
		Release|Any CPU = Release|Any CPU
	EndGlobalSection
	GlobalSection(ProjectConfigurationPlatforms) = postSolution
		{F4BA5610-63A5-423D-8A69-B754C98B554F}.Debug|Any CPU.ActiveCfg = Debug|Any CPU
		{F4BA5610-63A5-423D-8A69-B754C98B554F}.Debug|Any CPU.Build.0 = Debug|Any CPU
		{F4BA5610-63A5-423D-8A69-B754C98B554F}.Release|Any CPU.ActiveCfg = Release|Any CPU
		{F4BA5610-63A5-423D-8A69-B754C98B554F}.Release|Any CPU.Build.0 = Release|Any CPU
	EndGlobalSection
	GlobalSection(SolutionProperties) = preSolution
		HideSolutionNode = FALSE
	EndGlobalSection
	GlobalSection(ExtensibilityGlobals) = postSolution
		SolutionGuid = {BE5E555F-0DAB-439A-A0FD-1F29BBD51F36}
	EndGlobalSection
EndGlobal
